
Microsoft Visual Studio Solution File, Format Version 12.00
# Visual Studio Version 16
VisualStudioVersion = 16.0.29209.62
MinimumVisualStudioVersion = 10.0.40219.1
Project("{9A19103F-16F7-4668-BE54-9A1E7A4F7556}") = "EventLite", "WKTAAE.Infrastructure.EventSourcing\EventLite.csproj", "{D6DF0F2A-6BCE-4FC0-901C-0E0C7B9A5A43}"
EndProject
Project("{9A19103F-16F7-4668-BE54-9A1E7A4F7556}") = "POC.Documents", "POC.Documents\POC.Documents.csproj", "{720B0D66-2BF9-4DB0-882F-3B42BA0B68A1}"
EndProject
Global
	GlobalSection(SolutionConfigurationPlatforms) = preSolution
		Debug|Any CPU = Debug|Any CPU
		Release|Any CPU = Release|Any CPU
	EndGlobalSection
	GlobalSection(ProjectConfigurationPlatforms) = postSolution
		{D6DF0F2A-6BCE-4FC0-901C-0E0C7B9A5A43}.Debug|Any CPU.ActiveCfg = Debug|Any CPU
		{D6DF0F2A-6BCE-4FC0-901C-0E0C7B9A5A43}.Debug|Any CPU.Build.0 = Debug|Any CPU
		{D6DF0F2A-6BCE-4FC0-901C-0E0C7B9A5A43}.Release|Any CPU.ActiveCfg = Release|Any CPU
		{D6DF0F2A-6BCE-4FC0-901C-0E0C7B9A5A43}.Release|Any CPU.Build.0 = Release|Any CPU
		{720B0D66-2BF9-4DB0-882F-3B42BA0B68A1}.Debug|Any CPU.ActiveCfg = Debug|Any CPU
		{720B0D66-2BF9-4DB0-882F-3B42BA0B68A1}.Debug|Any CPU.Build.0 = Debug|Any CPU
		{720B0D66-2BF9-4DB0-882F-3B42BA0B68A1}.Release|Any CPU.ActiveCfg = Release|Any CPU
		{720B0D66-2BF9-4DB0-882F-3B42BA0B68A1}.Release|Any CPU.Build.0 = Release|Any CPU
	EndGlobalSection
	GlobalSection(SolutionProperties) = preSolution
		HideSolutionNode = FALSE
	EndGlobalSection
	GlobalSection(ExtensibilityGlobals) = postSolution
		SolutionGuid = {5058A6C5-E77E-4D89-B571-9D5C99BE2047}
	EndGlobalSection
EndGlobal
