
Microsoft Visual Studio Solution File, Format Version 12.00
# Visual Studio Version 16
VisualStudioVersion = 16.0.29209.62
MinimumVisualStudioVersion = 10.0.40219.1
Project("{9A19103F-16F7-4668-BE54-9A1E7A4F7556}") = "EventLite", "EventLite\EventLite.csproj", "{1F8DA2CE-9EB1-46E4-9B65-B658866F78F8}"
EndProject
Project("{9A19103F-16F7-4668-BE54-9A1E7A4F7556}") = "EventLite.MongoDB", "databases\EventLite.MongoDB\EventLite.MongoDB.csproj", "{9292DD24-FEBE-4154-B1E9-702E3251C7DE}"
EndProject
Project("{9A19103F-16F7-4668-BE54-9A1E7A4F7556}") = "DocumentsApproval", "Examples\DocumentsApproval\DocumentsApproval\DocumentsApproval.csproj", "{B1BCB00F-704C-487D-9050-441006D44829}"
EndProject
Global
	GlobalSection(SolutionConfigurationPlatforms) = preSolution
		Debug|Any CPU = Debug|Any CPU
		Release|Any CPU = Release|Any CPU
	EndGlobalSection
	GlobalSection(ProjectConfigurationPlatforms) = postSolution
		{1F8DA2CE-9EB1-46E4-9B65-B658866F78F8}.Debug|Any CPU.ActiveCfg = Debug|Any CPU
		{1F8DA2CE-9EB1-46E4-9B65-B658866F78F8}.Debug|Any CPU.Build.0 = Debug|Any CPU
		{1F8DA2CE-9EB1-46E4-9B65-B658866F78F8}.Release|Any CPU.ActiveCfg = Release|Any CPU
		{1F8DA2CE-9EB1-46E4-9B65-B658866F78F8}.Release|Any CPU.Build.0 = Release|Any CPU
		{9292DD24-FEBE-4154-B1E9-702E3251C7DE}.Debug|Any CPU.ActiveCfg = Debug|Any CPU
		{9292DD24-FEBE-4154-B1E9-702E3251C7DE}.Debug|Any CPU.Build.0 = Debug|Any CPU
		{9292DD24-FEBE-4154-B1E9-702E3251C7DE}.Release|Any CPU.ActiveCfg = Release|Any CPU
		{9292DD24-FEBE-4154-B1E9-702E3251C7DE}.Release|Any CPU.Build.0 = Release|Any CPU
		{B1BCB00F-704C-487D-9050-441006D44829}.Debug|Any CPU.ActiveCfg = Debug|Any CPU
		{B1BCB00F-704C-487D-9050-441006D44829}.Debug|Any CPU.Build.0 = Debug|Any CPU
		{B1BCB00F-704C-487D-9050-441006D44829}.Release|Any CPU.ActiveCfg = Release|Any CPU
		{B1BCB00F-704C-487D-9050-441006D44829}.Release|Any CPU.Build.0 = Release|Any CPU
	EndGlobalSection
	GlobalSection(SolutionProperties) = preSolution
		HideSolutionNode = FALSE
	EndGlobalSection
	GlobalSection(ExtensibilityGlobals) = postSolution
		SolutionGuid = {5058A6C5-E77E-4D89-B571-9D5C99BE2047}
	EndGlobalSection
EndGlobal
